
Microsoft Visual Studio Solution File, Format Version 12.00
# Visual Studio Version 17
VisualStudioVersion = 17.0.32014.148
MinimumVisualStudioVersion = 10.0.40219.1
Project("{9A19103F-16F7-4668-BE54-9A1E7A4F7556}") = "MyToDo", "MyToDo\MyToDo.csproj", "{CE7ADDB9-110B-40C4-B877-3BF283DBC254}"
EndProject
Project("{FAE04EC0-301F-11D3-BF4B-00C04F79EFBC}") = "MyToDo.Api", "MyToDo.Api\MyToDo.Api.csproj", "{EBC9BA34-D0E8-4DB3-B8DB-552F81BF5B8E}"
EndProject
Global
	GlobalSection(SolutionConfigurationPlatforms) = preSolution
		Debug|Any CPU = Debug|Any CPU
		Release|Any CPU = Release|Any CPU
	EndGlobalSection
	GlobalSection(ProjectConfigurationPlatforms) = postSolution
		{CE7ADDB9-110B-40C4-B877-3BF283DBC254}.Debug|Any CPU.ActiveCfg = Debug|Any CPU
		{CE7ADDB9-110B-40C4-B877-3BF283DBC254}.Debug|Any CPU.Build.0 = Debug|Any CPU
		{CE7ADDB9-110B-40C4-B877-3BF283DBC254}.Release|Any CPU.ActiveCfg = Release|Any CPU
		{CE7ADDB9-110B-40C4-B877-3BF283DBC254}.Release|Any CPU.Build.0 = Release|Any CPU
		{EBC9BA34-D0E8-4DB3-B8DB-552F81BF5B8E}.Debug|Any CPU.ActiveCfg = Debug|Any CPU
		{EBC9BA34-D0E8-4DB3-B8DB-552F81BF5B8E}.Debug|Any CPU.Build.0 = Debug|Any CPU
		{EBC9BA34-D0E8-4DB3-B8DB-552F81BF5B8E}.Release|Any CPU.ActiveCfg = Release|Any CPU
		{EBC9BA34-D0E8-4DB3-B8DB-552F81BF5B8E}.Release|Any CPU.Build.0 = Release|Any CPU
	EndGlobalSection
	GlobalSection(SolutionProperties) = preSolution
		HideSolutionNode = FALSE
	EndGlobalSection
	GlobalSection(ExtensibilityGlobals) = postSolution
		SolutionGuid = {CCAD4A09-2302-44B8-A225-82402F71820C}
	EndGlobalSection
EndGlobal
